using System;

class Program
{
    static void Main()
    {
        Console.Write("Введите год: ");
        int year;
        while (!int.TryParse(Console.ReadLine(), out year))
        {
            Console.Write("Пожалуйста, введите правильный год: ");
        }
        if ((year % 4 == 0 && year % 100 != 0) || (year % 400 == 0))
        {
            Console.WriteLine("{year} является високосным годом.");
        }
        else
        {
            Console.WriteLine("{year} не является високосным годом.");
        }
    }
}
